
Microsoft Visual Studio Solution File, Format Version 12.00
# Visual Studio Version 17
VisualStudioVersion = 17.8.34511.84
MinimumVisualStudioVersion = 10.0.40219.1
Project("{2150E333-8FDC-42A3-9474-1A3956D46DE8}") = "src", "src", "{498A413C-60CC-4E9C-8192-894837D0BA52}"
EndProject
Project("{2150E333-8FDC-42A3-9474-1A3956D46DE8}") = "Api", "Api", "{E8842D58-3403-4C70-A674-9824B24923AA}"
EndProject
Project("{2150E333-8FDC-42A3-9474-1A3956D46DE8}") = "Core", "Core", "{2B065344-B2E9-46C4-8AEB-29AC5A5F4457}"
EndProject
Project("{2150E333-8FDC-42A3-9474-1A3956D46DE8}") = "Infrastructure", "Infrastructure", "{11BCBE5A-6F09-4094-A150-17D3B0EA4C8D}"
EndProject
Project("{2150E333-8FDC-42A3-9474-1A3956D46DE8}") = "Presentation", "Presentation", "{A6684A08-D525-41B7-AD71-1FCD6F03C778}"
EndProject
Project("{9A19103F-16F7-4668-BE54-9A1E7A4F7556}") = "Savr.Application", "Savr.Application\Savr.Application.csproj", "{6E3AF4EC-9818-4C79-9907-E3010F2C3E7B}"
EndProject
Project("{9A19103F-16F7-4668-BE54-9A1E7A4F7556}") = "Savr.Identity", "Savr.Identity\Savr.Identity.csproj", "{365C5739-EC10-435D-9C76-16A0402244BE}"
EndProject
Project("{9A19103F-16F7-4668-BE54-9A1E7A4F7556}") = "Savr.Persistence", "Savr.Persistence\Savr.Persistence.csproj", "{12B14CEB-ABE5-4739-AE69-C2608DA76DCE}"
EndProject
Project("{9A19103F-16F7-4668-BE54-9A1E7A4F7556}") = "Savr.Presentation", "Savr.Presentation\Savr.Presentation.csproj", "{A3FB3DFF-40DF-45BA-B3FF-D6850067A3C7}"
EndProject
Project("{9A19103F-16F7-4668-BE54-9A1E7A4F7556}") = "Savr.API", "Savr.API\Savr.API.csproj", "{5DFF1E13-89AF-41CF-A6B3-8B8A2BA6A89B}"
EndProject
Project("{2150E333-8FDC-42A3-9474-1A3956D46DE8}") = "test", "test", "{76B55F38-9CD5-41B6-9E9B-BAAA113250D3}"
EndProject
Project("{9A19103F-16F7-4668-BE54-9A1E7A4F7556}") = "Savr.Domain", "Savr.Domain\Savr.Domain.csproj", "{43C3268E-D10A-45F8-8E3E-1472C95C391B}"
EndProject
Project("{E53339B2-1760-4266-BCC7-CA923CBCF16C}") = "docker-compose", "docker-compose.dcproj", "{78F8D8ED-83C4-490F-BD6B-5959571FAC20}"
EndProject
Project("{2150E333-8FDC-42A3-9474-1A3956D46DE8}") = "SQL", "SQL", "{342ABD6D-7BB5-42D7-8A4E-B0FEBBF8AA81}"
	ProjectSection(SolutionItems) = preProject
		GetFilteredDataWithPagination.sql = GetFilteredDataWithPagination.sql
	EndProjectSection
EndProject
Global
	GlobalSection(SolutionConfigurationPlatforms) = preSolution
		Debug|Any CPU = Debug|Any CPU
		Release|Any CPU = Release|Any CPU
	EndGlobalSection
	GlobalSection(ProjectConfigurationPlatforms) = postSolution
		{6E3AF4EC-9818-4C79-9907-E3010F2C3E7B}.Debug|Any CPU.ActiveCfg = Debug|Any CPU
		{6E3AF4EC-9818-4C79-9907-E3010F2C3E7B}.Debug|Any CPU.Build.0 = Debug|Any CPU
		{6E3AF4EC-9818-4C79-9907-E3010F2C3E7B}.Release|Any CPU.ActiveCfg = Release|Any CPU
		{6E3AF4EC-9818-4C79-9907-E3010F2C3E7B}.Release|Any CPU.Build.0 = Release|Any CPU
		{365C5739-EC10-435D-9C76-16A0402244BE}.Debug|Any CPU.ActiveCfg = Debug|Any CPU
		{365C5739-EC10-435D-9C76-16A0402244BE}.Debug|Any CPU.Build.0 = Debug|Any CPU
		{365C5739-EC10-435D-9C76-16A0402244BE}.Release|Any CPU.ActiveCfg = Release|Any CPU
		{365C5739-EC10-435D-9C76-16A0402244BE}.Release|Any CPU.Build.0 = Release|Any CPU
		{12B14CEB-ABE5-4739-AE69-C2608DA76DCE}.Debug|Any CPU.ActiveCfg = Debug|Any CPU
		{12B14CEB-ABE5-4739-AE69-C2608DA76DCE}.Debug|Any CPU.Build.0 = Debug|Any CPU
		{12B14CEB-ABE5-4739-AE69-C2608DA76DCE}.Release|Any CPU.ActiveCfg = Release|Any CPU
		{12B14CEB-ABE5-4739-AE69-C2608DA76DCE}.Release|Any CPU.Build.0 = Release|Any CPU
		{A3FB3DFF-40DF-45BA-B3FF-D6850067A3C7}.Debug|Any CPU.ActiveCfg = Debug|Any CPU
		{A3FB3DFF-40DF-45BA-B3FF-D6850067A3C7}.Debug|Any CPU.Build.0 = Debug|Any CPU
		{A3FB3DFF-40DF-45BA-B3FF-D6850067A3C7}.Release|Any CPU.ActiveCfg = Release|Any CPU
		{A3FB3DFF-40DF-45BA-B3FF-D6850067A3C7}.Release|Any CPU.Build.0 = Release|Any CPU
		{5DFF1E13-89AF-41CF-A6B3-8B8A2BA6A89B}.Debug|Any CPU.ActiveCfg = Debug|Any CPU
		{5DFF1E13-89AF-41CF-A6B3-8B8A2BA6A89B}.Debug|Any CPU.Build.0 = Debug|Any CPU
		{5DFF1E13-89AF-41CF-A6B3-8B8A2BA6A89B}.Release|Any CPU.ActiveCfg = Release|Any CPU
		{5DFF1E13-89AF-41CF-A6B3-8B8A2BA6A89B}.Release|Any CPU.Build.0 = Release|Any CPU
		{43C3268E-D10A-45F8-8E3E-1472C95C391B}.Debug|Any CPU.ActiveCfg = Debug|Any CPU
		{43C3268E-D10A-45F8-8E3E-1472C95C391B}.Debug|Any CPU.Build.0 = Debug|Any CPU
		{43C3268E-D10A-45F8-8E3E-1472C95C391B}.Release|Any CPU.ActiveCfg = Release|Any CPU
		{43C3268E-D10A-45F8-8E3E-1472C95C391B}.Release|Any CPU.Build.0 = Release|Any CPU
		{78F8D8ED-83C4-490F-BD6B-5959571FAC20}.Debug|Any CPU.ActiveCfg = Debug|Any CPU
		{78F8D8ED-83C4-490F-BD6B-5959571FAC20}.Debug|Any CPU.Build.0 = Debug|Any CPU
		{78F8D8ED-83C4-490F-BD6B-5959571FAC20}.Release|Any CPU.ActiveCfg = Release|Any CPU
		{78F8D8ED-83C4-490F-BD6B-5959571FAC20}.Release|Any CPU.Build.0 = Release|Any CPU
	EndGlobalSection
	GlobalSection(SolutionProperties) = preSolution
		HideSolutionNode = FALSE
	EndGlobalSection
	GlobalSection(NestedProjects) = preSolution
		{E8842D58-3403-4C70-A674-9824B24923AA} = {498A413C-60CC-4E9C-8192-894837D0BA52}
		{2B065344-B2E9-46C4-8AEB-29AC5A5F4457} = {498A413C-60CC-4E9C-8192-894837D0BA52}
		{11BCBE5A-6F09-4094-A150-17D3B0EA4C8D} = {498A413C-60CC-4E9C-8192-894837D0BA52}
		{A6684A08-D525-41B7-AD71-1FCD6F03C778} = {498A413C-60CC-4E9C-8192-894837D0BA52}
		{6E3AF4EC-9818-4C79-9907-E3010F2C3E7B} = {2B065344-B2E9-46C4-8AEB-29AC5A5F4457}
		{365C5739-EC10-435D-9C76-16A0402244BE} = {11BCBE5A-6F09-4094-A150-17D3B0EA4C8D}
		{12B14CEB-ABE5-4739-AE69-C2608DA76DCE} = {11BCBE5A-6F09-4094-A150-17D3B0EA4C8D}
		{A3FB3DFF-40DF-45BA-B3FF-D6850067A3C7} = {A6684A08-D525-41B7-AD71-1FCD6F03C778}
		{5DFF1E13-89AF-41CF-A6B3-8B8A2BA6A89B} = {E8842D58-3403-4C70-A674-9824B24923AA}
		{43C3268E-D10A-45F8-8E3E-1472C95C391B} = {2B065344-B2E9-46C4-8AEB-29AC5A5F4457}
		{342ABD6D-7BB5-42D7-8A4E-B0FEBBF8AA81} = {498A413C-60CC-4E9C-8192-894837D0BA52}
	EndGlobalSection
	GlobalSection(ExtensibilityGlobals) = postSolution
		SolutionGuid = {5419C298-E831-4521-B232-CCEA07B27862}
	EndGlobalSection
EndGlobal
